
Microsoft Visual Studio Solution File, Format Version 12.00
# Visual Studio 15
VisualStudioVersion = 15.0.27004.2009
MinimumVisualStudioVersion = 10.0.40219.1
Project("{FAE04EC0-301F-11D3-BF4B-00C04F79EFBC}") = "CodingDojo4_Client", "CodingDojo4\CodingDojo4_Client.csproj", "{1F75DC63-D0FC-4CB9-BFED-3B69EACD7631}"
EndProject
Project("{FAE04EC0-301F-11D3-BF4B-00C04F79EFBC}") = "CodingDojo4_Server", "CodingDojo4_Server\CodingDojo4_Server.csproj", "{46F3625A-D29C-4036-8277-22F61CAA247F}"
EndProject
Global
	GlobalSection(SolutionConfigurationPlatforms) = preSolution
		Debug|Any CPU = Debug|Any CPU
		Release|Any CPU = Release|Any CPU
	EndGlobalSection
	GlobalSection(ProjectConfigurationPlatforms) = postSolution
		{1F75DC63-D0FC-4CB9-BFED-3B69EACD7631}.Debug|Any CPU.ActiveCfg = Debug|Any CPU
		{1F75DC63-D0FC-4CB9-BFED-3B69EACD7631}.Debug|Any CPU.Build.0 = Debug|Any CPU
		{1F75DC63-D0FC-4CB9-BFED-3B69EACD7631}.Release|Any CPU.ActiveCfg = Release|Any CPU
		{1F75DC63-D0FC-4CB9-BFED-3B69EACD7631}.Release|Any CPU.Build.0 = Release|Any CPU
		{46F3625A-D29C-4036-8277-22F61CAA247F}.Debug|Any CPU.ActiveCfg = Debug|Any CPU
		{46F3625A-D29C-4036-8277-22F61CAA247F}.Debug|Any CPU.Build.0 = Debug|Any CPU
		{46F3625A-D29C-4036-8277-22F61CAA247F}.Release|Any CPU.ActiveCfg = Release|Any CPU
		{46F3625A-D29C-4036-8277-22F61CAA247F}.Release|Any CPU.Build.0 = Release|Any CPU
	EndGlobalSection
	GlobalSection(SolutionProperties) = preSolution
		HideSolutionNode = FALSE
	EndGlobalSection
	GlobalSection(ExtensibilityGlobals) = postSolution
		SolutionGuid = {0DB12AE2-808E-4EC4-B9C6-047F30568A26}
	EndGlobalSection
EndGlobal
